// !$*UTF8*$!
{
	archiveVersion = 1;
	classes = {
	};
	objectVersion = 56;
	objects = {

/* Begin PBXBuildFile section */
		4E2570F128C0E81600CFA05E /* Exeter1SepLectureApp.swift in Sources */ = {isa = PBXBuildFile; fileRef = 4E2570F028C0E81600CFA05E /* Exeter1SepLectureApp.swift */; };
		4E2570F328C0E81600CFA05E /* ContentView.swift in Sources */ = {isa = PBXBuildFile; fileRef = 4E2570F228C0E81600CFA05E /* ContentView.swift */; };
		4E2570F528C0E81800CFA05E /* Assets.xcassets in Resources */ = {isa = PBXBuildFile; fileRef = 4E2570F428C0E81800CFA05E /* Assets.xcassets */; };
		4E2570F828C0E81800CFA05E /* Preview Assets.xcassets in Resources */ = {isa = PBXBuildFile; fileRef = 4E2570F728C0E81800CFA05E /* Preview Assets.xcassets */; };
		4E25710228C0E81800CFA05E /* Exeter1SepLectureTests.swift in Sources */ = {isa = PBXBuildFile; fileRef = 4E25710128C0E81800CFA05E /* Exeter1SepLectureTests.swift */; };
		4E25710C28C0E81800CFA05E /* Exeter1SepLectureUITests.swift in Sources */ = {isa = PBXBuildFile; fileRef = 4E25710B28C0E81800CFA05E /* Exeter1SepLectureUITests.swift */; };
		4E25710E28C0E81800CFA05E /* Exeter1SepLectureUITestsLaunchTests.swift in Sources */ = {isa = PBXBuildFile; fileRef = 4E25710D28C0E81800CFA05E /* Exeter1SepLectureUITestsLaunchTests.swift */; };
		4E25711B28C0EA1100CFA05E /* Home.swift in Sources */ = {isa = PBXBuildFile; fileRef = 4E25711A28C0EA1100CFA05E /* Home.swift */; };
		4E25711D28C0EA4900CFA05E /* DatePickerView.swift in Sources */ = {isa = PBXBuildFile; fileRef = 4E25711C28C0EA4900CFA05E /* DatePickerView.swift */; };
		4E25711F28C0EB1200CFA05E /* Stacks.swift in Sources */ = {isa = PBXBuildFile; fileRef = 4E25711E28C0EB1200CFA05E /* Stacks.swift */; };
		4E25712128C0ECE800CFA05E /* TabItemView.swift in Sources */ = {isa = PBXBuildFile; fileRef = 4E25712028C0ECE800CFA05E /* TabItemView.swift */; };
		4E25712328C0F04100CFA05E /* Shapes.swift in Sources */ = {isa = PBXBuildFile; fileRef = 4E25712228C0F04100CFA05E /* Shapes.swift */; };
		4E25712528C0F0F100CFA05E /* ImageView.swift in Sources */ = {isa = PBXBuildFile; fileRef = 4E25712428C0F0F100CFA05E /* ImageView.swift */; };
		4E25712728C0F1A100CFA05E /* AnimationTest.swift in Sources */ = {isa = PBXBuildFile; fileRef = 4E25712628C0F1A100CFA05E /* AnimationTest.swift */; };
		4E25712A28C0F35700CFA05E /* CounterView.swift in Sources */ = {isa = PBXBuildFile; fileRef = 4E25712928C0F35700CFA05E /* CounterView.swift */; };
		4E25712C28C0F41E00CFA05E /* CounterVM.swift in Sources */ = {isa = PBXBuildFile; fileRef = 4E25712B28C0F41E00CFA05E /* CounterVM.swift */; };
		4E25713328C0F63700CFA05E /* WOCPriceModel.swift in Sources */ = {isa = PBXBuildFile; fileRef = 4E25712F28C0F63700CFA05E /* WOCPriceModel.swift */; };
		4E25713428C0F63700CFA05E /* WOCPriceVM.swift in Sources */ = {isa = PBXBuildFile; fileRef = 4E25713028C0F63700CFA05E /* WOCPriceVM.swift */; };
		4E25713528C0F63700CFA05E /* NetworkingService.swift in Sources */ = {isa = PBXBuildFile; fileRef = 4E25713128C0F63700CFA05E /* NetworkingService.swift */; };
		4E25713628C0F63700CFA05E /* LatestPriceView.swift in Sources */ = {isa = PBXBuildFile; fileRef = 4E25713228C0F63700CFA05E /* LatestPriceView.swift */; };
/* End PBXBuildFile section */

/* Begin PBXContainerItemProxy section */
		4E2570FE28C0E81800CFA05E /* PBXContainerItemProxy */ = {
			isa = PBXContainerItemProxy;
			containerPortal = 4E2570E528C0E81600CFA05E /* Project object */;
			proxyType = 1;
			remoteGlobalIDString = 4E2570EC28C0E81600CFA05E;
			remoteInfo = Exeter1SepLecture;
		};
		4E25710828C0E81800CFA05E /* PBXContainerItemProxy */ = {
			isa = PBXContainerItemProxy;
			containerPortal = 4E2570E528C0E81600CFA05E /* Project object */;
			proxyType = 1;
			remoteGlobalIDString = 4E2570EC28C0E81600CFA05E;
			remoteInfo = Exeter1SepLecture;
		};
/* End PBXContainerItemProxy section */

/* Begin PBXFileReference section */
		4E2570ED28C0E81600CFA05E /* Exeter1SepLecture.app */ = {isa = PBXFileReference; explicitFileType = wrapper.application; includeInIndex = 0; path = Exeter1SepLecture.app; sourceTree = BUILT_PRODUCTS_DIR; };
		4E2570F028C0E81600CFA05E /* Exeter1SepLectureApp.swift */ = {isa = PBXFileReference; lastKnownFileType = sourcecode.swift; path = Exeter1SepLectureApp.swift; sourceTree = "<group>"; };
		4E2570F228C0E81600CFA05E /* ContentView.swift */ = {isa = PBXFileReference; lastKnownFileType = sourcecode.swift; path = ContentView.swift; sourceTree = "<group>"; };
		4E2570F428C0E81800CFA05E /* Assets.xcassets */ = {isa = PBXFileReference; lastKnownFileType = folder.assetcatalog; path = Assets.xcassets; sourceTree = "<group>"; };
		4E2570F728C0E81800CFA05E /* Preview Assets.xcassets */ = {isa = PBXFileReference; lastKnownFileType = folder.assetcatalog; path = "Preview Assets.xcassets"; sourceTree = "<group>"; };
		4E2570FD28C0E81800CFA05E /* Exeter1SepLectureTests.xctest */ = {isa = PBXFileReference; explicitFileType = wrapper.cfbundle; includeInIndex = 0; path = Exeter1SepLectureTests.xctest; sourceTree = BUILT_PRODUCTS_DIR; };
		4E25710128C0E81800CFA05E /* Exeter1SepLectureTests.swift */ = {isa = PBXFileReference; lastKnownFileType = sourcecode.swift; path = Exeter1SepLectureTests.swift; sourceTree = "<group>"; };
		4E25710728C0E81800CFA05E /* Exeter1SepLectureUITests.xctest */ = {isa = PBXFileReference; explicitFileType = wrapper.cfbundle; includeInIndex = 0; path = Exeter1SepLectureUITests.xctest; sourceTree = BUILT_PRODUCTS_DIR; };
		4E25710B28C0E81800CFA05E /* Exeter1SepLectureUITests.swift */ = {isa = PBXFileReference; lastKnownFileType = sourcecode.swift; path = Exeter1SepLectureUITests.swift; sourceTree = "<group>"; };
		4E25710D28C0E81800CFA05E /* Exeter1SepLectureUITestsLaunchTests.swift */ = {isa = PBXFileReference; lastKnownFileType = sourcecode.swift; path = Exeter1SepLectureUITestsLaunchTests.swift; sourceTree = "<group>"; };
		4E25711A28C0EA1100CFA05E /* Home.swift */ = {isa = PBXFileReference; lastKnownFileType = sourcecode.swift; path = Home.swift; sourceTree = "<group>"; };
		4E25711C28C0EA4900CFA05E /* DatePickerView.swift */ = {isa = PBXFileReference; lastKnownFileType = sourcecode.swift; path = DatePickerView.swift; sourceTree = "<group>"; };
		4E25711E28C0EB1200CFA05E /* Stacks.swift */ = {isa = PBXFileReference; lastKnownFileType = sourcecode.swift; path = Stacks.swift; sourceTree = "<group>"; };
		4E25712028C0ECE800CFA05E /* TabItemView.swift */ = {isa = PBXFileReference; lastKnownFileType = sourcecode.swift; path = TabItemView.swift; sourceTree = "<group>"; };
		4E25712228C0F04100CFA05E /* Shapes.swift */ = {isa = PBXFileReference; lastKnownFileType = sourcecode.swift; path = Shapes.swift; sourceTree = "<group>"; };
		4E25712428C0F0F100CFA05E /* ImageView.swift */ = {isa = PBXFileReference; lastKnownFileType = sourcecode.swift; path = ImageView.swift; sourceTree = "<group>"; };
		4E25712628C0F1A100CFA05E /* AnimationTest.swift */ = {isa = PBXFileReference; lastKnownFileType = sourcecode.swift; path = AnimationTest.swift; sourceTree = "<group>"; };
		4E25712928C0F35700CFA05E /* CounterView.swift */ = {isa = PBXFileReference; lastKnownFileType = sourcecode.swift; path = CounterView.swift; sourceTree = "<group>"; };
		4E25712B28C0F41E00CFA05E /* CounterVM.swift */ = {isa = PBXFileReference; lastKnownFileType = sourcecode.swift; path = CounterVM.swift; sourceTree = "<group>"; };
		4E25712F28C0F63700CFA05E /* WOCPriceModel.swift */ = {isa = PBXFileReference; fileEncoding = 4; lastKnownFileType = sourcecode.swift; path = WOCPriceModel.swift; sourceTree = "<group>"; };
		4E25713028C0F63700CFA05E /* WOCPriceVM.swift */ = {isa = PBXFileReference; fileEncoding = 4; lastKnownFileType = sourcecode.swift; path = WOCPriceVM.swift; sourceTree = "<group>"; };
		4E25713128C0F63700CFA05E /* NetworkingService.swift */ = {isa = PBXFileReference; fileEncoding = 4; lastKnownFileType = sourcecode.swift; path = NetworkingService.swift; sourceTree = "<group>"; };
		4E25713228C0F63700CFA05E /* LatestPriceView.swift */ = {isa = PBXFileReference; fileEncoding = 4; lastKnownFileType = sourcecode.swift; path = LatestPriceView.swift; sourceTree = "<group>"; };
/* End PBXFileReference section */

/* Begin PBXFrameworksBuildPhase section */
		4E2570EA28C0E81600CFA05E /* Frameworks */ = {
			isa = PBXFrameworksBuildPhase;
			buildActionMask = 2147483647;
			files = (
			);
			runOnlyForDeploymentPostprocessing = 0;
		};
		4E2570FA28C0E81800CFA05E /* Frameworks */ = {
			isa = PBXFrameworksBuildPhase;
			buildActionMask = 2147483647;
			files = (
			);
			runOnlyForDeploymentPostprocessing = 0;
		};
		4E25710428C0E81800CFA05E /* Frameworks */ = {
			isa = PBXFrameworksBuildPhase;
			buildActionMask = 2147483647;
			files = (
			);
			runOnlyForDeploymentPostprocessing = 0;
		};
/* End PBXFrameworksBuildPhase section */

/* Begin PBXGroup section */
		4E2570E428C0E81600CFA05E = {
			isa = PBXGroup;
			children = (
				4E2570EF28C0E81600CFA05E /* Exeter1SepLecture */,
				4E25710028C0E81800CFA05E /* Exeter1SepLectureTests */,
				4E25710A28C0E81800CFA05E /* Exeter1SepLectureUITests */,
				4E2570EE28C0E81600CFA05E /* Products */,
			);
			sourceTree = "<group>";
		};
		4E2570EE28C0E81600CFA05E /* Products */ = {
			isa = PBXGroup;
			children = (
				4E2570ED28C0E81600CFA05E /* Exeter1SepLecture.app */,
				4E2570FD28C0E81800CFA05E /* Exeter1SepLectureTests.xctest */,
				4E25710728C0E81800CFA05E /* Exeter1SepLectureUITests.xctest */,
			);
			name = Products;
			sourceTree = "<group>";
		};
		4E2570EF28C0E81600CFA05E /* Exeter1SepLecture */ = {
			isa = PBXGroup;
			children = (
				4E2570F028C0E81600CFA05E /* Exeter1SepLectureApp.swift */,
				4E2570F228C0E81600CFA05E /* ContentView.swift */,
				4E25711A28C0EA1100CFA05E /* Home.swift */,
				4E25712028C0ECE800CFA05E /* TabItemView.swift */,
				4E25711C28C0EA4900CFA05E /* DatePickerView.swift */,
				4E25712228C0F04100CFA05E /* Shapes.swift */,
				4E25711E28C0EB1200CFA05E /* Stacks.swift */,
				4E25712428C0F0F100CFA05E /* ImageView.swift */,
				4E25712628C0F1A100CFA05E /* AnimationTest.swift */,
				4E25712E28C0F63700CFA05E /* Networking MVVM */,
				4E25712828C0F32B00CFA05E /* CounterMVVM */,
				4E2570F428C0E81800CFA05E /* Assets.xcassets */,
				4E2570F628C0E81800CFA05E /* Preview Content */,
			);
			path = Exeter1SepLecture;
			sourceTree = "<group>";
		};
		4E2570F628C0E81800CFA05E /* Preview Content */ = {
			isa = PBXGroup;
			children = (
				4E2570F728C0E81800CFA05E /* Preview Assets.xcassets */,
			);
			path = "Preview Content";
			sourceTree = "<group>";
		};
		4E25710028C0E81800CFA05E /* Exeter1SepLectureTests */ = {
			isa = PBXGroup;
			children = (
				4E25710128C0E81800CFA05E /* Exeter1SepLectureTests.swift */,
			);
			path = Exeter1SepLectureTests;
			sourceTree = "<group>";
		};
		4E25710A28C0E81800CFA05E /* Exeter1SepLectureUITests */ = {
			isa = PBXGroup;
			children = (
				4E25710B28C0E81800CFA05E /* Exeter1SepLectureUITests.swift */,
				4E25710D28C0E81800CFA05E /* Exeter1SepLectureUITestsLaunchTests.swift */,
			);
			path = Exeter1SepLectureUITests;
			sourceTree = "<group>";
		};
		4E25712828C0F32B00CFA05E /* CounterMVVM */ = {
			isa = PBXGroup;
			children = (
				4E25712928C0F35700CFA05E /* CounterView.swift */,
				4E25712B28C0F41E00CFA05E /* CounterVM.swift */,
			);
			path = CounterMVVM;
			sourceTree = "<group>";
		};
		4E25712E28C0F63700CFA05E /* Networking MVVM */ = {
			isa = PBXGroup;
			children = (
				4E25712F28C0F63700CFA05E /* WOCPriceModel.swift */,
				4E25713028C0F63700CFA05E /* WOCPriceVM.swift */,
				4E25713128C0F63700CFA05E /* NetworkingService.swift */,
				4E25713228C0F63700CFA05E /* LatestPriceView.swift */,
			);
			path = "Networking MVVM";
			sourceTree = "<group>";
		};
/* End PBXGroup section */

/* Begin PBXNativeTarget section */
		4E2570EC28C0E81600CFA05E /* Exeter1SepLecture */ = {
			isa = PBXNativeTarget;
			buildConfigurationList = 4E25711128C0E81800CFA05E /* Build configuration list for PBXNativeTarget "Exeter1SepLecture" */;
			buildPhases = (
				4E2570E928C0E81600CFA05E /* Sources */,
				4E2570EA28C0E81600CFA05E /* Frameworks */,
				4E2570EB28C0E81600CFA05E /* Resources */,
			);
			buildRules = (
			);
			dependencies = (
			);
			name = Exeter1SepLecture;
			productName = Exeter1SepLecture;
			productReference = 4E2570ED28C0E81600CFA05E /* Exeter1SepLecture.app */;
			productType = "com.apple.product-type.application";
		};
		4E2570FC28C0E81800CFA05E /* Exeter1SepLectureTests */ = {
			isa = PBXNativeTarget;
			buildConfigurationList = 4E25711428C0E81800CFA05E /* Build configuration list for PBXNativeTarget "Exeter1SepLectureTests" */;
			buildPhases = (
				4E2570F928C0E81800CFA05E /* Sources */,
				4E2570FA28C0E81800CFA05E /* Frameworks */,
				4E2570FB28C0E81800CFA05E /* Resources */,
			);
			buildRules = (
			);
			dependencies = (
				4E2570FF28C0E81800CFA05E /* PBXTargetDependency */,
			);
			name = Exeter1SepLectureTests;
			productName = Exeter1SepLectureTests;
			productReference = 4E2570FD28C0E81800CFA05E /* Exeter1SepLectureTests.xctest */;
			productType = "com.apple.product-type.bundle.unit-test";
		};
		4E25710628C0E81800CFA05E /* Exeter1SepLectureUITests */ = {
			isa = PBXNativeTarget;
			buildConfigurationList = 4E25711728C0E81800CFA05E /* Build configuration list for PBXNativeTarget "Exeter1SepLectureUITests" */;
			buildPhases = (
				4E25710328C0E81800CFA05E /* Sources */,
				4E25710428C0E81800CFA05E /* Frameworks */,
				4E25710528C0E81800CFA05E /* Resources */,
			);
			buildRules = (
			);
			dependencies = (
				4E25710928C0E81800CFA05E /* PBXTargetDependency */,
			);
			name = Exeter1SepLectureUITests;
			productName = Exeter1SepLectureUITests;
			productReference = 4E25710728C0E81800CFA05E /* Exeter1SepLectureUITests.xctest */;
			productType = "com.apple.product-type.bundle.ui-testing";
		};
/* End PBXNativeTarget section */

/* Begin PBXProject section */
		4E2570E528C0E81600CFA05E /* Project object */ = {
			isa = PBXProject;
			attributes = {
				BuildIndependentTargetsInParallel = 1;
				LastSwiftUpdateCheck = 1400;
				LastUpgradeCheck = 1400;
				TargetAttributes = {
					4E2570EC28C0E81600CFA05E = {
						CreatedOnToolsVersion = 14.0;
					};
					4E2570FC28C0E81800CFA05E = {
						CreatedOnToolsVersion = 14.0;
						TestTargetID = 4E2570EC28C0E81600CFA05E;
					};
					4E25710628C0E81800CFA05E = {
						CreatedOnToolsVersion = 14.0;
						TestTargetID = 4E2570EC28C0E81600CFA05E;
					};
				};
			};
			buildConfigurationList = 4E2570E828C0E81600CFA05E /* Build configuration list for PBXProject "Exeter1SepLecture" */;
			compatibilityVersion = "Xcode 14.0";
			developmentRegion = en;
			hasScannedForEncodings = 0;
			knownRegions = (
				en,
				Base,
			);
			mainGroup = 4E2570E428C0E81600CFA05E;
			productRefGroup = 4E2570EE28C0E81600CFA05E /* Products */;
			projectDirPath = "";
			projectRoot = "";
			targets = (
				4E2570EC28C0E81600CFA05E /* Exeter1SepLecture */,
				4E2570FC28C0E81800CFA05E /* Exeter1SepLectureTests */,
				4E25710628C0E81800CFA05E /* Exeter1SepLectureUITests */,
			);
		};
/* End PBXProject section */

/* Begin PBXResourcesBuildPhase section */
		4E2570EB28C0E81600CFA05E /* Resources */ = {
			isa = PBXResourcesBuildPhase;
			buildActionMask = 2147483647;
			files = (
				4E2570F828C0E81800CFA05E /* Preview Assets.xcassets in Resources */,
				4E2570F528C0E81800CFA05E /* Assets.xcassets in Resources */,
			);
			runOnlyForDeploymentPostprocessing = 0;
		};
		4E2570FB28C0E81800CFA05E /* Resources */ = {
			isa = PBXResourcesBuildPhase;
			buildActionMask = 2147483647;
			files = (
			);
			runOnlyForDeploymentPostprocessing = 0;
		};
		4E25710528C0E81800CFA05E /* Resources */ = {
			isa = PBXResourcesBuildPhase;
			buildActionMask = 2147483647;
			files = (
			);
			runOnlyForDeploymentPostprocessing = 0;
		};
/* End PBXResourcesBuildPhase section */

/* Begin PBXSourcesBuildPhase section */
		4E2570E928C0E81600CFA05E /* Sources */ = {
			isa = PBXSourcesBuildPhase;
			buildActionMask = 2147483647;
			files = (
				4E25712528C0F0F100CFA05E /* ImageView.swift in Sources */,
				4E25713428C0F63700CFA05E /* WOCPriceVM.swift in Sources */,
				4E25712C28C0F41E00CFA05E /* CounterVM.swift in Sources */,
				4E25713628C0F63700CFA05E /* LatestPriceView.swift in Sources */,
				4E25712328C0F04100CFA05E /* Shapes.swift in Sources */,
				4E25711F28C0EB1200CFA05E /* Stacks.swift in Sources */,
				4E25713528C0F63700CFA05E /* NetworkingService.swift in Sources */,
				4E2570F328C0E81600CFA05E /* ContentView.swift in Sources */,
				4E25711B28C0EA1100CFA05E /* Home.swift in Sources */,
				4E25712128C0ECE800CFA05E /* TabItemView.swift in Sources */,
				4E25711D28C0EA4900CFA05E /* DatePickerView.swift in Sources */,
				4E2570F128C0E81600CFA05E /* Exeter1SepLectureApp.swift in Sources */,
				4E25712728C0F1A100CFA05E /* AnimationTest.swift in Sources */,
				4E25712A28C0F35700CFA05E /* CounterView.swift in Sources */,
				4E25713328C0F63700CFA05E /* WOCPriceModel.swift in Sources */,
			);
			runOnlyForDeploymentPostprocessing = 0;
		};
		4E2570F928C0E81800CFA05E /* Sources */ = {
			isa = PBXSourcesBuildPhase;
			buildActionMask = 2147483647;
			files = (
				4E25710228C0E81800CFA05E /* Exeter1SepLectureTests.swift in Sources */,
			);
			runOnlyForDeploymentPostprocessing = 0;
		};
		4E25710328C0E81800CFA05E /* Sources */ = {
			isa = PBXSourcesBuildPhase;
			buildActionMask = 2147483647;
			files = (
				4E25710C28C0E81800CFA05E /* Exeter1SepLectureUITests.swift in Sources */,
				4E25710E28C0E81800CFA05E /* Exeter1SepLectureUITestsLaunchTests.swift in Sources */,
			);
			runOnlyForDeploymentPostprocessing = 0;
		};
/* End PBXSourcesBuildPhase section */

/* Begin PBXTargetDependency section */
		4E2570FF28C0E81800CFA05E /* PBXTargetDependency */ = {
			isa = PBXTargetDependency;
			target = 4E2570EC28C0E81600CFA05E /* Exeter1SepLecture */;
			targetProxy = 4E2570FE28C0E81800CFA05E /* PBXContainerItemProxy */;
		};
		4E25710928C0E81800CFA05E /* PBXTargetDependency */ = {
			isa = PBXTargetDependency;
			target = 4E2570EC28C0E81600CFA05E /* Exeter1SepLecture */;
			targetProxy = 4E25710828C0E81800CFA05E /* PBXContainerItemProxy */;
		};
/* End PBXTargetDependency section */

/* Begin XCBuildConfiguration section */
		4E25710F28C0E81800CFA05E /* Debug */ = {
			isa = XCBuildConfiguration;
			buildSettings = {
				ALWAYS_SEARCH_USER_PATHS = NO;
				CLANG_ANALYZER_NONNULL = YES;
				CLANG_ANALYZER_NUMBER_OBJECT_CONVERSION = YES_AGGRESSIVE;
				CLANG_CXX_LANGUAGE_STANDARD = "gnu++17";
				CLANG_ENABLE_MODULES = YES;
				CLANG_ENABLE_OBJC_ARC = YES;
				CLANG_ENABLE_OBJC_WEAK = YES;
				CLANG_WARN_BLOCK_CAPTURE_AUTORELEASING = YES;
				CLANG_WARN_BOOL_CONVERSION = YES;
				CLANG_WARN_COMMA = YES;
				CLANG_WARN_CONSTANT_CONVERSION = YES;
				CLANG_WARN_DEPRECATED_OBJC_IMPLEMENTATIONS = YES;
				CLANG_WARN_DIRECT_OBJC_ISA_USAGE = YES_ERROR;
				CLANG_WARN_DOCUMENTATION_COMMENTS = YES;
				CLANG_WARN_EMPTY_BODY = YES;
				CLANG_WARN_ENUM_CONVERSION = YES;
				CLANG_WARN_INFINITE_RECURSION = YES;
				CLANG_WARN_INT_CONVERSION = YES;
				CLANG_WARN_NON_LITERAL_NULL_CONVERSION = YES;
				CLANG_WARN_OBJC_IMPLICIT_RETAIN_SELF = YES;
				CLANG_WARN_OBJC_LITERAL_CONVERSION = YES;
				CLANG_WARN_OBJC_ROOT_CLASS = YES_ERROR;
				CLANG_WARN_QUOTED_INCLUDE_IN_FRAMEWORK_HEADER = YES;
				CLANG_WARN_RANGE_LOOP_ANALYSIS = YES;
				CLANG_WARN_STRICT_PROTOTYPES = YES;
				CLANG_WARN_SUSPICIOUS_MOVE = YES;
				CLANG_WARN_UNGUARDED_AVAILABILITY = YES_AGGRESSIVE;
				CLANG_WARN_UNREACHABLE_CODE = YES;
				CLANG_WARN__DUPLICATE_METHOD_MATCH = YES;
				COPY_PHASE_STRIP = NO;
				DEBUG_INFORMATION_FORMAT = dwarf;
				ENABLE_STRICT_OBJC_MSGSEND = YES;
				ENABLE_TESTABILITY = YES;
				GCC_C_LANGUAGE_STANDARD = gnu11;
				GCC_DYNAMIC_NO_PIC = NO;
				GCC_NO_COMMON_BLOCKS = YES;
				GCC_OPTIMIZATION_LEVEL = 0;
				GCC_PREPROCESSOR_DEFINITIONS = (
					"DEBUG=1",
					"$(inherited)",
				);
				GCC_WARN_64_TO_32_BIT_CONVERSION = YES;
				GCC_WARN_ABOUT_RETURN_TYPE = YES_ERROR;
				GCC_WARN_UNDECLARED_SELECTOR = YES;
				GCC_WARN_UNINITIALIZED_AUTOS = YES_AGGRESSIVE;
				GCC_WARN_UNUSED_FUNCTION = YES;
				GCC_WARN_UNUSED_VARIABLE = YES;
				IPHONEOS_DEPLOYMENT_TARGET = 16.0;
				MTL_ENABLE_DEBUG_INFO = INCLUDE_SOURCE;
				MTL_FAST_MATH = YES;
				ONLY_ACTIVE_ARCH = YES;
				SDKROOT = iphoneos;
				SWIFT_ACTIVE_COMPILATION_CONDITIONS = DEBUG;
				SWIFT_OPTIMIZATION_LEVEL = "-Onone";
			};
			name = Debug;
		};
		4E25711028C0E81800CFA05E /* Release */ = {
			isa = XCBuildConfiguration;
			buildSettings = {
				ALWAYS_SEARCH_USER_PATHS = NO;
				CLANG_ANALYZER_NONNULL = YES;
				CLANG_ANALYZER_NUMBER_OBJECT_CONVERSION = YES_AGGRESSIVE;
				CLANG_CXX_LANGUAGE_STANDARD = "gnu++17";
				CLANG_ENABLE_MODULES = YES;
				CLANG_ENABLE_OBJC_ARC = YES;
				CLANG_ENABLE_OBJC_WEAK = YES;
				CLANG_WARN_BLOCK_CAPTURE_AUTORELEASING = YES;
				CLANG_WARN_BOOL_CONVERSION = YES;
				CLANG_WARN_COMMA = YES;
				CLANG_WARN_CONSTANT_CONVERSION = YES;
				CLANG_WARN_DEPRECATED_OBJC_IMPLEMENTATIONS = YES;
				CLANG_WARN_DIRECT_OBJC_ISA_USAGE = YES_ERROR;
				CLANG_WARN_DOCUMENTATION_COMMENTS = YES;
				CLANG_WARN_EMPTY_BODY = YES;
				CLANG_WARN_ENUM_CONVERSION = YES;
				CLANG_WARN_INFINITE_RECURSION = YES;
				CLANG_WARN_INT_CONVERSION = YES;
				CLANG_WARN_NON_LITERAL_NULL_CONVERSION = YES;
				CLANG_WARN_OBJC_IMPLICIT_RETAIN_SELF = YES;
				CLANG_WARN_OBJC_LITERAL_CONVERSION = YES;
				CLANG_WARN_OBJC_ROOT_CLASS = YES_ERROR;
				CLANG_WARN_QUOTED_INCLUDE_IN_FRAMEWORK_HEADER = YES;
				CLANG_WARN_RANGE_LOOP_ANALYSIS = YES;
				CLANG_WARN_STRICT_PROTOTYPES = YES;
				CLANG_WARN_SUSPICIOUS_MOVE = YES;
				CLANG_WARN_UNGUARDED_AVAILABILITY = YES_AGGRESSIVE;
				CLANG_WARN_UNREACHABLE_CODE = YES;
				CLANG_WARN__DUPLICATE_METHOD_MATCH = YES;
				COPY_PHASE_STRIP = NO;
				DEBUG_INFORMATION_FORMAT = "dwarf-with-dsym";
				ENABLE_NS_ASSERTIONS = NO;
				ENABLE_STRICT_OBJC_MSGSEND = YES;
				GCC_C_LANGUAGE_STANDARD = gnu11;
				GCC_NO_COMMON_BLOCKS = YES;
				GCC_WARN_64_TO_32_BIT_CONVERSION = YES;
				GCC_WARN_ABOUT_RETURN_TYPE = YES_ERROR;
				GCC_WARN_UNDECLARED_SELECTOR = YES;
				GCC_WARN_UNINITIALIZED_AUTOS = YES_AGGRESSIVE;
				GCC_WARN_UNUSED_FUNCTION = YES;
				GCC_WARN_UNUSED_VARIABLE = YES;
				IPHONEOS_DEPLOYMENT_TARGET = 16.0;
				MTL_ENABLE_DEBUG_INFO = NO;
				MTL_FAST_MATH = YES;
				SDKROOT = iphoneos;
				SWIFT_COMPILATION_MODE = wholemodule;
				SWIFT_OPTIMIZATION_LEVEL = "-O";
				VALIDATE_PRODUCT = YES;
			};
			name = Release;
		};
		4E25711228C0E81800CFA05E /* Debug */ = {
			isa = XCBuildConfiguration;
			buildSettings = {
				ASSETCATALOG_COMPILER_APPICON_NAME = AppIcon;
				ASSETCATALOG_COMPILER_GLOBAL_ACCENT_COLOR_NAME = AccentColor;
				CODE_SIGN_STYLE = Automatic;
				CURRENT_PROJECT_VERSION = 1;
				DEVELOPMENT_ASSET_PATHS = "\"Exeter1SepLecture/Preview Content\"";
				DEVELOPMENT_TEAM = CW6X9K8LMH;
				ENABLE_PREVIEWS = YES;
				GENERATE_INFOPLIST_FILE = YES;
				INFOPLIST_KEY_UIApplicationSceneManifest_Generation = YES;
				INFOPLIST_KEY_UIApplicationSupportsIndirectInputEvents = YES;
				INFOPLIST_KEY_UILaunchScreen_Generation = YES;
				INFOPLIST_KEY_UISupportedInterfaceOrientations_iPad = "UIInterfaceOrientationPortrait UIInterfaceOrientationPortraitUpsideDown UIInterfaceOrientationLandscapeLeft UIInterfaceOrientationLandscapeRight";
				INFOPLIST_KEY_UISupportedInterfaceOrientations_iPhone = "UIInterfaceOrientationPortrait UIInterfaceOrientationLandscapeLeft UIInterfaceOrientationLandscapeRight";
				LD_RUNPATH_SEARCH_PATHS = (
					"$(inherited)",
					"@executable_path/Frameworks",
				);
				MARKETING_VERSION = 1.0;
				PRODUCT_BUNDLE_IDENTIFIER = com.henryhudson.Exeter1SepLecture;
				PRODUCT_NAME = "$(TARGET_NAME)";
				SWIFT_EMIT_LOC_STRINGS = YES;
				SWIFT_VERSION = 5.0;
				TARGETED_DEVICE_FAMILY = "1,2";
			};
			name = Debug;
		};
		4E25711328C0E81800CFA05E /* Release */ = {
			isa = XCBuildConfiguration;
			buildSettings = {
				ASSETCATALOG_COMPILER_APPICON_NAME = AppIcon;
				ASSETCATALOG_COMPILER_GLOBAL_ACCENT_COLOR_NAME = AccentColor;
				CODE_SIGN_STYLE = Automatic;
				CURRENT_PROJECT_VERSION = 1;
				DEVELOPMENT_ASSET_PATHS = "\"Exeter1SepLecture/Preview Content\"";
				DEVELOPMENT_TEAM = CW6X9K8LMH;
				ENABLE_PREVIEWS = YES;
				GENERATE_INFOPLIST_FILE = YES;
				INFOPLIST_KEY_UIApplicationSceneManifest_Generation = YES;
				INFOPLIST_KEY_UIApplicationSupportsIndirectInputEvents = YES;
				INFOPLIST_KEY_UILaunchScreen_Generation = YES;
				INFOPLIST_KEY_UISupportedInterfaceOrientations_iPad = "UIInterfaceOrientationPortrait UIInterfaceOrientationPortraitUpsideDown UIInterfaceOrientationLandscapeLeft UIInterfaceOrientationLandscapeRight";
				INFOPLIST_KEY_UISupportedInterfaceOrientations_iPhone = "UIInterfaceOrientationPortrait UIInterfaceOrientationLandscapeLeft UIInterfaceOrientationLandscapeRight";
				LD_RUNPATH_SEARCH_PATHS = (
					"$(inherited)",
					"@executable_path/Frameworks",
				);
				MARKETING_VERSION = 1.0;
				PRODUCT_BUNDLE_IDENTIFIER = com.henryhudson.Exeter1SepLecture;
				PRODUCT_NAME = "$(TARGET_NAME)";
				SWIFT_EMIT_LOC_STRINGS = YES;
				SWIFT_VERSION = 5.0;
				TARGETED_DEVICE_FAMILY = "1,2";
			};
			name = Release;
		};
		4E25711528C0E81800CFA05E /* Debug */ = {
			isa = XCBuildConfiguration;
			buildSettings = {
				ALWAYS_EMBED_SWIFT_STANDARD_LIBRARIES = YES;
				BUNDLE_LOADER = "$(TEST_HOST)";
				CODE_SIGN_STYLE = Automatic;
				CURRENT_PROJECT_VERSION = 1;
				DEVELOPMENT_TEAM = CW6X9K8LMH;
				GENERATE_INFOPLIST_FILE = YES;
				IPHONEOS_DEPLOYMENT_TARGET = 16.0;
				MARKETING_VERSION = 1.0;
				PRODUCT_BUNDLE_IDENTIFIER = com.henryhudson.Exeter1SepLectureTests;
				PRODUCT_NAME = "$(TARGET_NAME)";
				SWIFT_EMIT_LOC_STRINGS = NO;
				SWIFT_VERSION = 5.0;
				TARGETED_DEVICE_FAMILY = "1,2";
				TEST_HOST = "$(BUILT_PRODUCTS_DIR)/Exeter1SepLecture.app/$(BUNDLE_EXECUTABLE_FOLDER_PATH)/Exeter1SepLecture";
			};
			name = Debug;
		};
		4E25711628C0E81800CFA05E /* Release */ = {
			isa = XCBuildConfiguration;
			buildSettings = {
				ALWAYS_EMBED_SWIFT_STANDARD_LIBRARIES = YES;
				BUNDLE_LOADER = "$(TEST_HOST)";
				CODE_SIGN_STYLE = Automatic;
				CURRENT_PROJECT_VERSION = 1;
				DEVELOPMENT_TEAM = CW6X9K8LMH;
				GENERATE_INFOPLIST_FILE = YES;
				IPHONEOS_DEPLOYMENT_TARGET = 16.0;
				MARKETING_VERSION = 1.0;
				PRODUCT_BUNDLE_IDENTIFIER = com.henryhudson.Exeter1SepLectureTests;
				PRODUCT_NAME = "$(TARGET_NAME)";
				SWIFT_EMIT_LOC_STRINGS = NO;
				SWIFT_VERSION = 5.0;
				TARGETED_DEVICE_FAMILY = "1,2";
				TEST_HOST = "$(BUILT_PRODUCTS_DIR)/Exeter1SepLecture.app/$(BUNDLE_EXECUTABLE_FOLDER_PATH)/Exeter1SepLecture";
			};
			name = Release;
		};
		4E25711828C0E81800CFA05E /* Debug */ = {
			isa = XCBuildConfiguration;
			buildSettings = {
				ALWAYS_EMBED_SWIFT_STANDARD_LIBRARIES = YES;
				CODE_SIGN_STYLE = Automatic;
				CURRENT_PROJECT_VERSION = 1;
				DEVELOPMENT_TEAM = CW6X9K8LMH;
				GENERATE_INFOPLIST_FILE = YES;
				MARKETING_VERSION = 1.0;
				PRODUCT_BUNDLE_IDENTIFIER = com.henryhudson.Exeter1SepLectureUITests;
				PRODUCT_NAME = "$(TARGET_NAME)";
				SWIFT_EMIT_LOC_STRINGS = NO;
				SWIFT_VERSION = 5.0;
				TARGETED_DEVICE_FAMILY = "1,2";
				TEST_TARGET_NAME = Exeter1SepLecture;
			};
			name = Debug;
		};
		4E25711928C0E81800CFA05E /* Release */ = {
			isa = XCBuildConfiguration;
			buildSettings = {
				ALWAYS_EMBED_SWIFT_STANDARD_LIBRARIES = YES;
				CODE_SIGN_STYLE = Automatic;
				CURRENT_PROJECT_VERSION = 1;
				DEVELOPMENT_TEAM = CW6X9K8LMH;
				GENERATE_INFOPLIST_FILE = YES;
				MARKETING_VERSION = 1.0;
				PRODUCT_BUNDLE_IDENTIFIER = com.henryhudson.Exeter1SepLectureUITests;
				PRODUCT_NAME = "$(TARGET_NAME)";
				SWIFT_EMIT_LOC_STRINGS = NO;
				SWIFT_VERSION = 5.0;
				TARGETED_DEVICE_FAMILY = "1,2";
				TEST_TARGET_NAME = Exeter1SepLecture;
			};
			name = Release;
		};
/* End XCBuildConfiguration section */

/* Begin XCConfigurationList section */
		4E2570E828C0E81600CFA05E /* Build configuration list for PBXProject "Exeter1SepLecture" */ = {
			isa = XCConfigurationList;
			buildConfigurations = (
				4E25710F28C0E81800CFA05E /* Debug */,
				4E25711028C0E81800CFA05E /* Release */,
			);
			defaultConfigurationIsVisible = 0;
			defaultConfigurationName = Release;
		};
		4E25711128C0E81800CFA05E /* Build configuration list for PBXNativeTarget "Exeter1SepLecture" */ = {
			isa = XCConfigurationList;
			buildConfigurations = (
				4E25711228C0E81800CFA05E /* Debug */,
				4E25711328C0E81800CFA05E /* Release */,
			);
			defaultConfigurationIsVisible = 0;
			defaultConfigurationName = Release;
		};
		4E25711428C0E81800CFA05E /* Build configuration list for PBXNativeTarget "Exeter1SepLectureTests" */ = {
			isa = XCConfigurationList;
			buildConfigurations = (
				4E25711528C0E81800CFA05E /* Debug */,
				4E25711628C0E81800CFA05E /* Release */,
			);
			defaultConfigurationIsVisible = 0;
			defaultConfigurationName = Release;
		};
		4E25711728C0E81800CFA05E /* Build configuration list for PBXNativeTarget "Exeter1SepLectureUITests" */ = {
			isa = XCConfigurationList;
			buildConfigurations = (
				4E25711828C0E81800CFA05E /* Debug */,
				4E25711928C0E81800CFA05E /* Release */,
			);
			defaultConfigurationIsVisible = 0;
			defaultConfigurationName = Release;
		};
/* End XCConfigurationList section */
	};
	rootObject = 4E2570E528C0E81600CFA05E /* Project object */;
}
